
Microsoft Visual Studio Solution File, Format Version 12.00
# Visual Studio Version 17
VisualStudioVersion = 17.1.32228.430
MinimumVisualStudioVersion = 10.0.40219.1
Project("{FAE04EC0-301F-11D3-BF4B-00C04F79EFBC}") = "Hello_world1", "Hello_world1\Hello_world1.csproj", "{63FA16C6-26C6-41F4-BDC9-265D03F408D4}"
EndProject
Global
	GlobalSection(SolutionConfigurationPlatforms) = preSolution
		Debug|Any CPU = Debug|Any CPU
		Release|Any CPU = Release|Any CPU
	EndGlobalSection
	GlobalSection(ProjectConfigurationPlatforms) = postSolution
		{63FA16C6-26C6-41F4-BDC9-265D03F408D4}.Debug|Any CPU.ActiveCfg = Debug|Any CPU
		{63FA16C6-26C6-41F4-BDC9-265D03F408D4}.Debug|Any CPU.Build.0 = Debug|Any CPU
		{63FA16C6-26C6-41F4-BDC9-265D03F408D4}.Release|Any CPU.ActiveCfg = Release|Any CPU
		{63FA16C6-26C6-41F4-BDC9-265D03F408D4}.Release|Any CPU.Build.0 = Release|Any CPU
	EndGlobalSection
	GlobalSection(SolutionProperties) = preSolution
		HideSolutionNode = FALSE
	EndGlobalSection
	GlobalSection(ExtensibilityGlobals) = postSolution
		SolutionGuid = {A2FA9CEE-07E7-43A9-A382-6A24C0DCB1A0}
	EndGlobalSection
EndGlobal
