
Microsoft Visual Studio Solution File, Format Version 12.00
# Visual Studio Version 17
VisualStudioVersion = 17.1.32228.430
MinimumVisualStudioVersion = 10.0.40219.1
Project("{FAE04EC0-301F-11D3-BF4B-00C04F79EFBC}") = "MYFirstProject_UC1", "MYFirstProject_UC1\MYFirstProject_UC1.csproj", "{48F331A4-E2CD-407C-A78F-7045A2106851}"
EndProject
Global
	GlobalSection(SolutionConfigurationPlatforms) = preSolution
		Debug|Any CPU = Debug|Any CPU
		Release|Any CPU = Release|Any CPU
	EndGlobalSection
	GlobalSection(ProjectConfigurationPlatforms) = postSolution
		{48F331A4-E2CD-407C-A78F-7045A2106851}.Debug|Any CPU.ActiveCfg = Debug|Any CPU
		{48F331A4-E2CD-407C-A78F-7045A2106851}.Debug|Any CPU.Build.0 = Debug|Any CPU
		{48F331A4-E2CD-407C-A78F-7045A2106851}.Release|Any CPU.ActiveCfg = Release|Any CPU
		{48F331A4-E2CD-407C-A78F-7045A2106851}.Release|Any CPU.Build.0 = Release|Any CPU
	EndGlobalSection
	GlobalSection(SolutionProperties) = preSolution
		HideSolutionNode = FALSE
	EndGlobalSection
	GlobalSection(ExtensibilityGlobals) = postSolution
		SolutionGuid = {AD5466AB-5692-40B7-B38E-7BD1B2AFAD11}
	EndGlobalSection
EndGlobal
